
Microsoft Visual Studio Solution File, Format Version 12.00
# Visual Studio 14
VisualStudioVersion = 14.0.25420.1
MinimumVisualStudioVersion = 10.0.40219.1
Project("{FAE04EC0-301F-11D3-BF4B-00C04F79EFBC}") = "TFSCore", "TFSCore\TFSCore.csproj", "{B6512433-2666-4A5D-81BE-60059AEE7788}"
EndProject
Project("{FAE04EC0-301F-11D3-BF4B-00C04F79EFBC}") = "TFSGui", "TFSGui\TFSGui.csproj", "{A8CE9CCD-6CD2-4C19-BD2F-6B97B5D3C929}"
EndProject
Global
	GlobalSection(SolutionConfigurationPlatforms) = preSolution
		Debug|Any CPU = Debug|Any CPU
		Release|Any CPU = Release|Any CPU
	EndGlobalSection
	GlobalSection(ProjectConfigurationPlatforms) = postSolution
		{B6512433-2666-4A5D-81BE-60059AEE7788}.Debug|Any CPU.ActiveCfg = Debug|Any CPU
		{B6512433-2666-4A5D-81BE-60059AEE7788}.Debug|Any CPU.Build.0 = Debug|Any CPU
		{B6512433-2666-4A5D-81BE-60059AEE7788}.Release|Any CPU.ActiveCfg = Release|Any CPU
		{B6512433-2666-4A5D-81BE-60059AEE7788}.Release|Any CPU.Build.0 = Release|Any CPU
		{A8CE9CCD-6CD2-4C19-BD2F-6B97B5D3C929}.Debug|Any CPU.ActiveCfg = Debug|Any CPU
		{A8CE9CCD-6CD2-4C19-BD2F-6B97B5D3C929}.Debug|Any CPU.Build.0 = Debug|Any CPU
		{A8CE9CCD-6CD2-4C19-BD2F-6B97B5D3C929}.Release|Any CPU.ActiveCfg = Release|Any CPU
		{A8CE9CCD-6CD2-4C19-BD2F-6B97B5D3C929}.Release|Any CPU.Build.0 = Release|Any CPU
	EndGlobalSection
	GlobalSection(SolutionProperties) = preSolution
		HideSolutionNode = FALSE
	EndGlobalSection
EndGlobal
